
Microsoft Visual Studio Solution File, Format Version 12.00
# Visual Studio Version 17
VisualStudioVersion = 17.5.002.0
MinimumVisualStudioVersion = 10.0.40219.1
Project("{9A19103F-16F7-4668-BE54-9A1E7A4F7556}") = "api", "api\api.csproj", "{CCBFF28F-621C-490A-BA2B-9359352A43A3}"
EndProject
Global
	GlobalSection(SolutionConfigurationPlatforms) = preSolution
		Debug|Any CPU = Debug|Any CPU
		Release|Any CPU = Release|Any CPU
	EndGlobalSection
	GlobalSection(ProjectConfigurationPlatforms) = postSolution
		{CCBFF28F-621C-490A-BA2B-9359352A43A3}.Debug|Any CPU.ActiveCfg = Debug|Any CPU
		{CCBFF28F-621C-490A-BA2B-9359352A43A3}.Debug|Any CPU.Build.0 = Debug|Any CPU
		{CCBFF28F-621C-490A-BA2B-9359352A43A3}.Release|Any CPU.ActiveCfg = Release|Any CPU
		{CCBFF28F-621C-490A-BA2B-9359352A43A3}.Release|Any CPU.Build.0 = Release|Any CPU
	EndGlobalSection
	GlobalSection(SolutionProperties) = preSolution
		HideSolutionNode = FALSE
	EndGlobalSection
	GlobalSection(ExtensibilityGlobals) = postSolution
		SolutionGuid = {2263A476-4BAC-4142-AF17-58B1EDA0DB3D}
	EndGlobalSection
EndGlobal
